
Microsoft Visual Studio Solution File, Format Version 12.00
# Visual Studio Version 16
VisualStudioVersion = 16.0.30804.86
MinimumVisualStudioVersion = 10.0.40219.1
Project("{FAE04EC0-301F-11D3-BF4B-00C04F79EFBC}") = "RageAdminTools", "RageAdminTools\RageAdminTools.csproj", "{BDA8E13B-9D86-4422-8653-425DD10CBC22}"
EndProject
Global
	GlobalSection(SolutionConfigurationPlatforms) = preSolution
		Debug|Any CPU = Debug|Any CPU
		Release|Any CPU = Release|Any CPU
	EndGlobalSection
	GlobalSection(ProjectConfigurationPlatforms) = postSolution
		{BDA8E13B-9D86-4422-8653-425DD10CBC22}.Debug|Any CPU.ActiveCfg = Debug|Any CPU
		{BDA8E13B-9D86-4422-8653-425DD10CBC22}.Debug|Any CPU.Build.0 = Debug|Any CPU
		{BDA8E13B-9D86-4422-8653-425DD10CBC22}.Release|Any CPU.ActiveCfg = Release|Any CPU
		{BDA8E13B-9D86-4422-8653-425DD10CBC22}.Release|Any CPU.Build.0 = Release|Any CPU
	EndGlobalSection
	GlobalSection(SolutionProperties) = preSolution
		HideSolutionNode = FALSE
	EndGlobalSection
	GlobalSection(ExtensibilityGlobals) = postSolution
		SolutionGuid = {0F6A4A22-2BC9-4CD0-A135-2F9DD55E7026}
	EndGlobalSection
EndGlobal
